# This file is automatically @generated by Cargo.
# It is not intended for manual editing.
version = 4

[[package]]
name = "sw-isa-core"
version = "0.1.0"

[[package]]
name = "sw-rv32i-asm"
version = "0.1.0"
dependencies = [
 "sw-rv32i-isa",
]

[[package]]
name = "sw-rv32i-emulator"
version = "0.1.0"
dependencies = [
 "sw-rv32i-asm",
 "sw-rv32i-isa",
 "sw-rv32i-target",
]

[[package]]
name = "sw-rv32i-isa"
version = "0.1.0"
dependencies = [
 "sw-isa-core",
]

[[package]]
name = "sw-rv32i-target"
version = "0.1.0"
